
Microsoft Visual Studio Solution File, Format Version 12.00
# Visual Studio Version 17
VisualStudioVersion = 17.0.31903.59
MinimumVisualStudioVersion = 10.0.40219.1
Project("{2150E333-8FDC-42A3-9474-1A3956D46DE8}") = "src", "src", "{827E0CD3-B72D-47B6-A68D-7590B98EB39B}"
EndProject
Project("{FAE04EC0-301F-11D3-BF4B-00C04F79EFBC}") = "HobbyXP", "src\HobbyXP\HobbyXP.csproj", "{C5A5C7F7-F5A3-4BF8-ADB2-F9FD4460BEC3}"
EndProject
Project("{2150E333-8FDC-42A3-9474-1A3956D46DE8}") = "tests", "tests", "{0AB3BF05-4346-4AA6-1389-037BE0695223}"
EndProject
Project("{FAE04EC0-301F-11D3-BF4B-00C04F79EFBC}") = "HobbyXP.Tests", "tests\HobbyXP.Tests\HobbyXP.Tests.csproj", "{817202E7-3FD4-4D03-B5C7-BDC1130984D2}"
EndProject
Project("{FAE04EC0-301F-11D3-BF4B-00C04F79EFBC}") = "HobbyXP.Core", "src\HobbyXP.Core\HobbyXP.Core.csproj", "{0C77F53A-79DC-4B24-B71D-823C136FEA4F}"
EndProject
Project("{FAE04EC0-301F-11D3-BF4B-00C04F79EFBC}") = "HobbyXP.Web", "src\HobbyXP.Web\HobbyXP.Web.csproj", "{83EF2840-73C2-45CD-9247-34F7B3518AF6}"
EndProject
Project("{2150E333-8FDC-42A3-9474-1A3956D46DE8}") = "HobbyXP.Tools", "HobbyXP.Tools", "{5131A37D-96BD-46A4-8A6B-52D5B6268C4F}"
EndProject
Project("{FAE04EC0-301F-11D3-BF4B-00C04F79EFBC}") = "HobbyXP.Tools.SqliteToPostgres", "src\HobbyXP.Tools\SqliteToPostgres\HobbyXP.Tools.SqliteToPostgres.csproj", "{4ACA0ED0-E704-4195-ADC6-009A018FD2F8}"
EndProject
Global
	GlobalSection(SolutionConfigurationPlatforms) = preSolution
		Debug|Any CPU = Debug|Any CPU
		Debug|x64 = Debug|x64
		Debug|x86 = Debug|x86
		Release|Any CPU = Release|Any CPU
		Release|x64 = Release|x64
		Release|x86 = Release|x86
	EndGlobalSection
	GlobalSection(ProjectConfigurationPlatforms) = postSolution
		{C5A5C7F7-F5A3-4BF8-ADB2-F9FD4460BEC3}.Debug|Any CPU.ActiveCfg = Debug|Any CPU
		{C5A5C7F7-F5A3-4BF8-ADB2-F9FD4460BEC3}.Debug|Any CPU.Build.0 = Debug|Any CPU
		{C5A5C7F7-F5A3-4BF8-ADB2-F9FD4460BEC3}.Debug|x64.ActiveCfg = Debug|Any CPU
		{C5A5C7F7-F5A3-4BF8-ADB2-F9FD4460BEC3}.Debug|x64.Build.0 = Debug|Any CPU
		{C5A5C7F7-F5A3-4BF8-ADB2-F9FD4460BEC3}.Debug|x86.ActiveCfg = Debug|Any CPU
		{C5A5C7F7-F5A3-4BF8-ADB2-F9FD4460BEC3}.Debug|x86.Build.0 = Debug|Any CPU
		{C5A5C7F7-F5A3-4BF8-ADB2-F9FD4460BEC3}.Release|Any CPU.ActiveCfg = Release|Any CPU
		{C5A5C7F7-F5A3-4BF8-ADB2-F9FD4460BEC3}.Release|Any CPU.Build.0 = Release|Any CPU
		{C5A5C7F7-F5A3-4BF8-ADB2-F9FD4460BEC3}.Release|x64.ActiveCfg = Release|Any CPU
		{C5A5C7F7-F5A3-4BF8-ADB2-F9FD4460BEC3}.Release|x64.Build.0 = Release|Any CPU
		{C5A5C7F7-F5A3-4BF8-ADB2-F9FD4460BEC3}.Release|x86.ActiveCfg = Release|Any CPU
		{C5A5C7F7-F5A3-4BF8-ADB2-F9FD4460BEC3}.Release|x86.Build.0 = Release|Any CPU
		{817202E7-3FD4-4D03-B5C7-BDC1130984D2}.Debug|Any CPU.ActiveCfg = Debug|Any CPU
		{817202E7-3FD4-4D03-B5C7-BDC1130984D2}.Debug|Any CPU.Build.0 = Debug|Any CPU
		{817202E7-3FD4-4D03-B5C7-BDC1130984D2}.Debug|x64.ActiveCfg = Debug|Any CPU
		{817202E7-3FD4-4D03-B5C7-BDC1130984D2}.Debug|x64.Build.0 = Debug|Any CPU
		{817202E7-3FD4-4D03-B5C7-BDC1130984D2}.Debug|x86.ActiveCfg = Debug|Any CPU
		{817202E7-3FD4-4D03-B5C7-BDC1130984D2}.Debug|x86.Build.0 = Debug|Any CPU
		{817202E7-3FD4-4D03-B5C7-BDC1130984D2}.Release|Any CPU.ActiveCfg = Release|Any CPU
		{817202E7-3FD4-4D03-B5C7-BDC1130984D2}.Release|Any CPU.Build.0 = Release|Any CPU
		{817202E7-3FD4-4D03-B5C7-BDC1130984D2}.Release|x64.ActiveCfg = Release|Any CPU
		{817202E7-3FD4-4D03-B5C7-BDC1130984D2}.Release|x64.Build.0 = Release|Any CPU
		{817202E7-3FD4-4D03-B5C7-BDC1130984D2}.Release|x86.ActiveCfg = Release|Any CPU
		{817202E7-3FD4-4D03-B5C7-BDC1130984D2}.Release|x86.Build.0 = Release|Any CPU
		{0C77F53A-79DC-4B24-B71D-823C136FEA4F}.Debug|Any CPU.ActiveCfg = Debug|Any CPU
		{0C77F53A-79DC-4B24-B71D-823C136FEA4F}.Debug|Any CPU.Build.0 = Debug|Any CPU
		{0C77F53A-79DC-4B24-B71D-823C136FEA4F}.Debug|x64.ActiveCfg = Debug|Any CPU
		{0C77F53A-79DC-4B24-B71D-823C136FEA4F}.Debug|x64.Build.0 = Debug|Any CPU
		{0C77F53A-79DC-4B24-B71D-823C136FEA4F}.Debug|x86.ActiveCfg = Debug|Any CPU
		{0C77F53A-79DC-4B24-B71D-823C136FEA4F}.Debug|x86.Build.0 = Debug|Any CPU
		{0C77F53A-79DC-4B24-B71D-823C136FEA4F}.Release|Any CPU.ActiveCfg = Release|Any CPU
		{0C77F53A-79DC-4B24-B71D-823C136FEA4F}.Release|Any CPU.Build.0 = Release|Any CPU
		{0C77F53A-79DC-4B24-B71D-823C136FEA4F}.Release|x64.ActiveCfg = Release|Any CPU
		{0C77F53A-79DC-4B24-B71D-823C136FEA4F}.Release|x64.Build.0 = Release|Any CPU
		{0C77F53A-79DC-4B24-B71D-823C136FEA4F}.Release|x86.ActiveCfg = Release|Any CPU
		{0C77F53A-79DC-4B24-B71D-823C136FEA4F}.Release|x86.Build.0 = Release|Any CPU
		{83EF2840-73C2-45CD-9247-34F7B3518AF6}.Debug|Any CPU.ActiveCfg = Debug|Any CPU
		{83EF2840-73C2-45CD-9247-34F7B3518AF6}.Debug|Any CPU.Build.0 = Debug|Any CPU
		{83EF2840-73C2-45CD-9247-34F7B3518AF6}.Debug|x64.ActiveCfg = Debug|Any CPU
		{83EF2840-73C2-45CD-9247-34F7B3518AF6}.Debug|x64.Build.0 = Debug|Any CPU
		{83EF2840-73C2-45CD-9247-34F7B3518AF6}.Debug|x86.ActiveCfg = Debug|Any CPU
		{83EF2840-73C2-45CD-9247-34F7B3518AF6}.Debug|x86.Build.0 = Debug|Any CPU
		{83EF2840-73C2-45CD-9247-34F7B3518AF6}.Release|Any CPU.ActiveCfg = Release|Any CPU
		{83EF2840-73C2-45CD-9247-34F7B3518AF6}.Release|Any CPU.Build.0 = Release|Any CPU
		{83EF2840-73C2-45CD-9247-34F7B3518AF6}.Release|x64.ActiveCfg = Release|Any CPU
		{83EF2840-73C2-45CD-9247-34F7B3518AF6}.Release|x64.Build.0 = Release|Any CPU
		{83EF2840-73C2-45CD-9247-34F7B3518AF6}.Release|x86.ActiveCfg = Release|Any CPU
		{83EF2840-73C2-45CD-9247-34F7B3518AF6}.Release|x86.Build.0 = Release|Any CPU
		{4ACA0ED0-E704-4195-ADC6-009A018FD2F8}.Debug|Any CPU.ActiveCfg = Debug|Any CPU
		{4ACA0ED0-E704-4195-ADC6-009A018FD2F8}.Debug|Any CPU.Build.0 = Debug|Any CPU
		{4ACA0ED0-E704-4195-ADC6-009A018FD2F8}.Debug|x64.ActiveCfg = Debug|Any CPU
		{4ACA0ED0-E704-4195-ADC6-009A018FD2F8}.Debug|x64.Build.0 = Debug|Any CPU
		{4ACA0ED0-E704-4195-ADC6-009A018FD2F8}.Debug|x86.ActiveCfg = Debug|Any CPU
		{4ACA0ED0-E704-4195-ADC6-009A018FD2F8}.Debug|x86.Build.0 = Debug|Any CPU
		{4ACA0ED0-E704-4195-ADC6-009A018FD2F8}.Release|Any CPU.ActiveCfg = Release|Any CPU
		{4ACA0ED0-E704-4195-ADC6-009A018FD2F8}.Release|Any CPU.Build.0 = Release|Any CPU
		{4ACA0ED0-E704-4195-ADC6-009A018FD2F8}.Release|x64.ActiveCfg = Release|Any CPU
		{4ACA0ED0-E704-4195-ADC6-009A018FD2F8}.Release|x64.Build.0 = Release|Any CPU
		{4ACA0ED0-E704-4195-ADC6-009A018FD2F8}.Release|x86.ActiveCfg = Release|Any CPU
		{4ACA0ED0-E704-4195-ADC6-009A018FD2F8}.Release|x86.Build.0 = Release|Any CPU
	EndGlobalSection
	GlobalSection(SolutionProperties) = preSolution
		HideSolutionNode = FALSE
	EndGlobalSection
	GlobalSection(NestedProjects) = preSolution
		{C5A5C7F7-F5A3-4BF8-ADB2-F9FD4460BEC3} = {827E0CD3-B72D-47B6-A68D-7590B98EB39B}
		{817202E7-3FD4-4D03-B5C7-BDC1130984D2} = {0AB3BF05-4346-4AA6-1389-037BE0695223}
		{0C77F53A-79DC-4B24-B71D-823C136FEA4F} = {827E0CD3-B72D-47B6-A68D-7590B98EB39B}
		{83EF2840-73C2-45CD-9247-34F7B3518AF6} = {827E0CD3-B72D-47B6-A68D-7590B98EB39B}
		{5131A37D-96BD-46A4-8A6B-52D5B6268C4F} = {827E0CD3-B72D-47B6-A68D-7590B98EB39B}
		{4ACA0ED0-E704-4195-ADC6-009A018FD2F8} = {5131A37D-96BD-46A4-8A6B-52D5B6268C4F}
	EndGlobalSection
EndGlobal
